
Microsoft Visual Studio Solution File, Format Version 12.00
# Visual Studio Version 17
VisualStudioVersion = 17.0.32126.317
MinimumVisualStudioVersion = 10.0.40219.1
Project("{FAE04EC0-301F-11D3-BF4B-00C04F79EFBC}") = "TTCSDL", "TTCSDL\TTCSDL.csproj", "{E1A911BF-305B-4177-9A74-A9029DFA01CA}"
EndProject
Global
	GlobalSection(SolutionConfigurationPlatforms) = preSolution
		Debug|Any CPU = Debug|Any CPU
		Release|Any CPU = Release|Any CPU
	EndGlobalSection
	GlobalSection(ProjectConfigurationPlatforms) = postSolution
		{E1A911BF-305B-4177-9A74-A9029DFA01CA}.Debug|Any CPU.ActiveCfg = Debug|Any CPU
		{E1A911BF-305B-4177-9A74-A9029DFA01CA}.Debug|Any CPU.Build.0 = Debug|Any CPU
		{E1A911BF-305B-4177-9A74-A9029DFA01CA}.Release|Any CPU.ActiveCfg = Release|Any CPU
		{E1A911BF-305B-4177-9A74-A9029DFA01CA}.Release|Any CPU.Build.0 = Release|Any CPU
	EndGlobalSection
	GlobalSection(SolutionProperties) = preSolution
		HideSolutionNode = FALSE
	EndGlobalSection
	GlobalSection(ExtensibilityGlobals) = postSolution
		SolutionGuid = {D3747E0B-9236-4D9D-935D-83FB2F0230B0}
	EndGlobalSection
EndGlobal
